
Microsoft Visual Studio Solution File, Format Version 12.00
# Visual Studio Version 16
VisualStudioVersion = 16.0.30223.230
MinimumVisualStudioVersion = 10.0.40219.1
Project("{9A19103F-16F7-4668-BE54-9A1E7A4F7556}") = "Aigamo.Saruhashi", "Aigamo.Saruhashi\Aigamo.Saruhashi.csproj", "{D97634D5-F1A5-4CE7-B46E-12AAFBE1A1ED}"
EndProject
Project("{9A19103F-16F7-4668-BE54-9A1E7A4F7556}") = "Aigamo.Saruhashi.MonoGame", "Aigamo.Saruhashi.MonoGame\Aigamo.Saruhashi.MonoGame.csproj", "{48C65A16-A7B8-4744-B991-D282376E6508}"
EndProject
Project("{FAE04EC0-301F-11D3-BF4B-00C04F79EFBC}") = "Aigamo.Saruhashi.Controls", "Aigamo.Saruhashi.Controls\Aigamo.Saruhashi.Controls.csproj", "{18DDE5D6-CC74-40FB-AEA9-A2D7C68C5E7F}"
EndProject
Global
	GlobalSection(SolutionConfigurationPlatforms) = preSolution
		Debug|Any CPU = Debug|Any CPU
		Release|Any CPU = Release|Any CPU
	EndGlobalSection
	GlobalSection(ProjectConfigurationPlatforms) = postSolution
		{D97634D5-F1A5-4CE7-B46E-12AAFBE1A1ED}.Debug|Any CPU.ActiveCfg = Debug|Any CPU
		{D97634D5-F1A5-4CE7-B46E-12AAFBE1A1ED}.Debug|Any CPU.Build.0 = Debug|Any CPU
		{D97634D5-F1A5-4CE7-B46E-12AAFBE1A1ED}.Release|Any CPU.ActiveCfg = Release|Any CPU
		{D97634D5-F1A5-4CE7-B46E-12AAFBE1A1ED}.Release|Any CPU.Build.0 = Release|Any CPU
		{48C65A16-A7B8-4744-B991-D282376E6508}.Debug|Any CPU.ActiveCfg = Debug|Any CPU
		{48C65A16-A7B8-4744-B991-D282376E6508}.Debug|Any CPU.Build.0 = Debug|Any CPU
		{48C65A16-A7B8-4744-B991-D282376E6508}.Release|Any CPU.ActiveCfg = Release|Any CPU
		{48C65A16-A7B8-4744-B991-D282376E6508}.Release|Any CPU.Build.0 = Release|Any CPU
		{18DDE5D6-CC74-40FB-AEA9-A2D7C68C5E7F}.Debug|Any CPU.ActiveCfg = Debug|Any CPU
		{18DDE5D6-CC74-40FB-AEA9-A2D7C68C5E7F}.Debug|Any CPU.Build.0 = Debug|Any CPU
		{18DDE5D6-CC74-40FB-AEA9-A2D7C68C5E7F}.Release|Any CPU.ActiveCfg = Release|Any CPU
		{18DDE5D6-CC74-40FB-AEA9-A2D7C68C5E7F}.Release|Any CPU.Build.0 = Release|Any CPU
	EndGlobalSection
	GlobalSection(SolutionProperties) = preSolution
		HideSolutionNode = FALSE
	EndGlobalSection
	GlobalSection(ExtensibilityGlobals) = postSolution
		SolutionGuid = {8ABBDCC0-C756-4D52-AFF8-38B95E3CC51D}
	EndGlobalSection
EndGlobal
